
Microsoft Visual Studio Solution File, Format Version 12.00
Project("{FAE04EC0-301F-11D3-BF4B-00C04F79EFBC}") = "P422HMandCL", "P422HMandCL\P422HMandCL.csproj", "{D3E21BCF-C03F-4DE4-917F-133B1C71E94C}"
EndProject
Project("{FAE04EC0-301F-11D3-BF4B-00C04F79EFBC}") = "HomeWork1", "HomeWork1\HomeWork1.csproj", "{AF4C4B1E-9D9F-4076-9B56-36E1DB103E7A}"
EndProject
Global
	GlobalSection(SolutionConfigurationPlatforms) = preSolution
		Debug|Any CPU = Debug|Any CPU
		Release|Any CPU = Release|Any CPU
	EndGlobalSection
	GlobalSection(ProjectConfigurationPlatforms) = postSolution
		{D3E21BCF-C03F-4DE4-917F-133B1C71E94C}.Debug|Any CPU.ActiveCfg = Debug|Any CPU
		{D3E21BCF-C03F-4DE4-917F-133B1C71E94C}.Debug|Any CPU.Build.0 = Debug|Any CPU
		{D3E21BCF-C03F-4DE4-917F-133B1C71E94C}.Release|Any CPU.ActiveCfg = Release|Any CPU
		{D3E21BCF-C03F-4DE4-917F-133B1C71E94C}.Release|Any CPU.Build.0 = Release|Any CPU
		{AF4C4B1E-9D9F-4076-9B56-36E1DB103E7A}.Debug|Any CPU.ActiveCfg = Debug|Any CPU
		{AF4C4B1E-9D9F-4076-9B56-36E1DB103E7A}.Debug|Any CPU.Build.0 = Debug|Any CPU
		{AF4C4B1E-9D9F-4076-9B56-36E1DB103E7A}.Release|Any CPU.ActiveCfg = Release|Any CPU
		{AF4C4B1E-9D9F-4076-9B56-36E1DB103E7A}.Release|Any CPU.Build.0 = Release|Any CPU
	EndGlobalSection
EndGlobal
